
Microsoft Visual Studio Solution File, Format Version 12.00
# Visual Studio Version 17
VisualStudioVersion = 17.5.002.0
MinimumVisualStudioVersion = 10.0.40219.1
Project("{9A19103F-16F7-4668-BE54-9A1E7A4F7556}") = "programa-gestao-financeira", "programa-gestao-financeira.csproj", "{19F91ABD-0BAF-4ADB-BF49-A1E3D919F628}"
EndProject
Global
	GlobalSection(SolutionConfigurationPlatforms) = preSolution
		Debug|Any CPU = Debug|Any CPU
		Release|Any CPU = Release|Any CPU
	EndGlobalSection
	GlobalSection(ProjectConfigurationPlatforms) = postSolution
		{19F91ABD-0BAF-4ADB-BF49-A1E3D919F628}.Debug|Any CPU.ActiveCfg = Debug|Any CPU
		{19F91ABD-0BAF-4ADB-BF49-A1E3D919F628}.Debug|Any CPU.Build.0 = Debug|Any CPU
		{19F91ABD-0BAF-4ADB-BF49-A1E3D919F628}.Release|Any CPU.ActiveCfg = Release|Any CPU
		{19F91ABD-0BAF-4ADB-BF49-A1E3D919F628}.Release|Any CPU.Build.0 = Release|Any CPU
	EndGlobalSection
	GlobalSection(SolutionProperties) = preSolution
		HideSolutionNode = FALSE
	EndGlobalSection
	GlobalSection(ExtensibilityGlobals) = postSolution
		SolutionGuid = {8E72BEA5-2C3C-4763-A8A2-5E6AA3E19B0F}
	EndGlobalSection
EndGlobal
